// !$*UTF8*$!
{
	archiveVersion = 1;
	classes = {
	};
	objectVersion = 56;
	objects = {

/* Begin PBXBuildFile section */
		92FCD7C32E53F1DE00C227DA /* Alamofire in Frameworks */ = {isa = PBXBuildFile; productRef = 92FCD7C22E53F1DE00C227DA /* Alamofire */; };
		92FCD7C52E53F1DE00C227DA /* AlamofireDynamic in Frameworks */ = {isa = PBXBuildFile; productRef = 92FCD7C42E53F1DE00C227DA /* AlamofireDynamic */; };
		92FCD7C82E53F38C00C227DA /* SwiftyJSON in Frameworks */ = {isa = PBXBuildFile; productRef = 92FCD7C72E53F38C00C227DA /* SwiftyJSON */; };
		92FCD7CC2E53F69300C227DA /* Stripe in Frameworks */ = {isa = PBXBuildFile; productRef = 92FCD7CB2E53F69300C227DA /* Stripe */; };
		92FCD7CE2E53F69300C227DA /* StripeApplePay in Frameworks */ = {isa = PBXBuildFile; productRef = 92FCD7CD2E53F69300C227DA /* StripeApplePay */; };
		92FCD7D02E53F69300C227DA /* StripeCardScan in Frameworks */ = {isa = PBXBuildFile; productRef = 92FCD7CF2E53F69300C227DA /* StripeCardScan */; };
		92FCD7D22E53F69300C227DA /* StripeConnect in Frameworks */ = {isa = PBXBuildFile; productRef = 92FCD7D12E53F69300C227DA /* StripeConnect */; };
		92FCD7D42E53F69300C227DA /* StripeFinancialConnections in Frameworks */ = {isa = PBXBuildFile; productRef = 92FCD7D32E53F69300C227DA /* StripeFinancialConnections */; };
		92FCD7D72E53F86200C227DA /* SocketIO in Frameworks */ = {isa = PBXBuildFile; productRef = 92FCD7D62E53F86200C227DA /* SocketIO */; };
		92FCD7DA2E53F88D00C227DA /* Lottie in Frameworks */ = {isa = PBXBuildFile; productRef = 92FCD7D92E53F88D00C227DA /* Lottie */; };
		92FCD7DC2E53F88D00C227DA /* Lottie-Dynamic in Frameworks */ = {isa = PBXBuildFile; productRef = 92FCD7DB2E53F88D00C227DA /* Lottie-Dynamic */; };
		92FCD7DF2E53F92700C227DA /* KeychainAccess in Frameworks */ = {isa = PBXBuildFile; productRef = 92FCD7DE2E53F92700C227DA /* KeychainAccess */; };
		92FCD7E22E53FA4800C227DA /* Kingfisher in Frameworks */ = {isa = PBXBuildFile; productRef = 92FCD7E12E53FA4800C227DA /* Kingfisher */; };
		A1234567890123456789012A /* AppDelegate.swift in Sources */ = {isa = PBXBuildFile; fileRef = A1234567890123456789012B /* AppDelegate.swift */; };
		A1234567890123456789012C /* ContentView.swift in Sources */ = {isa = PBXBuildFile; fileRef = A1234567890123456789012D /* ContentView.swift */; };
		A1234567890123456789012E /* SceneDelegate.swift in Sources */ = {isa = PBXBuildFile; fileRef = A1234567890123456789012F /* SceneDelegate.swift */; };
		A1234567890123456789013C /* LaunchScreen.storyboard in Resources */ = {isa = PBXBuildFile; fileRef = A1234567890123456789013D /* LaunchScreen.storyboard */; };
		A1234567890123456789014A /* User.swift in Sources */ = {isa = PBXBuildFile; fileRef = A1234567890123456789014B /* User.swift */; };
		A1234567890123456789014C /* Lifeguard.swift in Sources */ = {isa = PBXBuildFile; fileRef = A1234567890123456789014D /* Lifeguard.swift */; };
		A1234567890123456789014E /* Booking.swift in Sources */ = {isa = PBXBuildFile; fileRef = A1234567890123456789014F /* Booking.swift */; };
		A1234567890123456789015A /* APIService.swift in Sources */ = {isa = PBXBuildFile; fileRef = A1234567890123456789015B /* APIService.swift */; };
		A1234567890123456789015C /* AuthService.swift in Sources */ = {isa = PBXBuildFile; fileRef = A1234567890123456789015D /* AuthService.swift */; };
		A1234567890123456789015E /* LocationService.swift in Sources */ = {isa = PBXBuildFile; fileRef = A1234567890123456789015F /* LocationService.swift */; };
		A1234567890123456789016A /* NotificationService.swift in Sources */ = {isa = PBXBuildFile; fileRef = A1234567890123456789016B /* NotificationService.swift */; };
		A1234567890123456789016C /* PaymentService.swift in Sources */ = {isa = PBXBuildFile; fileRef = A1234567890123456789016D /* PaymentService.swift */; };
		A1234567890123456789016E /* SocketService.swift in Sources */ = {isa = PBXBuildFile; fileRef = A1234567890123456789016F /* SocketService.swift */; };
		A123456789012345678901EA /* Alamofire in Frameworks */ = {isa = PBXBuildFile; productRef = A123456789012345678901DA /* Alamofire */; };
		A123456789012345678901EB /* FirebaseAuth in Frameworks */ = {isa = PBXBuildFile; productRef = A123456789012345678901DB /* FirebaseAuth */; };
		A123456789012345678901EC /* FirebaseFirestore in Frameworks */ = {isa = PBXBuildFile; productRef = A123456789012345678901DC /* FirebaseFirestore */; };
		A123456789012345678901ED /* FirebaseMessaging in Frameworks */ = {isa = PBXBuildFile; productRef = A123456789012345678901DD /* FirebaseMessaging */; };
		A123456789012345678901EE /* FirebaseAnalytics in Frameworks */ = {isa = PBXBuildFile; productRef = A123456789012345678901DE /* FirebaseAnalytics */; };
		A123456789012345678901EF /* Stripe in Frameworks */ = {isa = PBXBuildFile; productRef = A123456789012345678901DF /* Stripe */; };
		A123456789012345678901F0 /* SocketIO in Frameworks */ = {isa = PBXBuildFile; productRef = A123456789012345678901E0 /* SocketIO */; };
		A123456789012345678901F1 /* Lottie in Frameworks */ = {isa = PBXBuildFile; productRef = A123456789012345678901E1 /* Lottie */; };
		A123456789012345678901F2 /* SwiftyJSON in Frameworks */ = {isa = PBXBuildFile; productRef = A123456789012345678901E2 /* SwiftyJSON */; };
		A123456789012345678901F3 /* KeychainAccess in Frameworks */ = {isa = PBXBuildFile; productRef = A123456789012345678901E3 /* KeychainAccess */; };
		A123456789012345678901F4 /* Kingfisher in Frameworks */ = {isa = PBXBuildFile; productRef = A123456789012345678901E4 /* Kingfisher */; };
/* End PBXBuildFile section */

/* Begin PBXFileReference section */
		A1234567890123456789012B /* AppDelegate.swift */ = {isa = PBXFileReference; lastKnownFileType = sourcecode.swift; path = AppDelegate.swift; sourceTree = "<group>"; };
		A1234567890123456789012D /* ContentView.swift */ = {isa = PBXFileReference; lastKnownFileType = sourcecode.swift; path = ContentView.swift; sourceTree = "<group>"; };
		A1234567890123456789012F /* SceneDelegate.swift */ = {isa = PBXFileReference; lastKnownFileType = sourcecode.swift; path = SceneDelegate.swift; sourceTree = "<group>"; };
		A1234567890123456789013B /* Assets.xcassets */ = {isa = PBXFileReference; lastKnownFileType = folder.assetcatalog; path = Assets.xcassets; sourceTree = "<group>"; };
		A1234567890123456789013D /* LaunchScreen.storyboard */ = {isa = PBXFileReference; lastKnownFileType = file.storyboard; path = LaunchScreen.storyboard; sourceTree = "<group>"; };
		A1234567890123456789013E /* Info.plist */ = {isa = PBXFileReference; lastKnownFileType = text.plist.xml; path = Info.plist; sourceTree = "<group>"; };
		A1234567890123456789013F /* GuardtheLife_IOS.app */ = {isa = PBXFileReference; explicitFileType = wrapper.application; includeInIndex = 0; path = GuardtheLife_IOS.app; sourceTree = BUILT_PRODUCTS_DIR; };
		A1234567890123456789014B /* User.swift */ = {isa = PBXFileReference; lastKnownFileType = sourcecode.swift; path = User.swift; sourceTree = "<group>"; };
		A1234567890123456789014D /* Lifeguard.swift */ = {isa = PBXFileReference; lastKnownFileType = sourcecode.swift; path = Lifeguard.swift; sourceTree = "<group>"; };
		A1234567890123456789014F /* Booking.swift */ = {isa = PBXFileReference; lastKnownFileType = sourcecode.swift; path = Booking.swift; sourceTree = "<group>"; };
		A1234567890123456789015B /* APIService.swift */ = {isa = PBXFileReference; lastKnownFileType = sourcecode.swift; path = APIService.swift; sourceTree = "<group>"; };
		A1234567890123456789015D /* AuthService.swift */ = {isa = PBXFileReference; lastKnownFileType = sourcecode.swift; path = AuthService.swift; sourceTree = "<group>"; };
		A1234567890123456789015F /* LocationService.swift */ = {isa = PBXFileReference; lastKnownFileType = sourcecode.swift; path = LocationService.swift; sourceTree = "<group>"; };
		A1234567890123456789016B /* NotificationService.swift */ = {isa = PBXFileReference; lastKnownFileType = sourcecode.swift; path = NotificationService.swift; sourceTree = "<group>"; };
		A1234567890123456789016D /* PaymentService.swift */ = {isa = PBXFileReference; lastKnownFileType = sourcecode.swift; path = PaymentService.swift; sourceTree = "<group>"; };
		A1234567890123456789016F /* SocketService.swift */ = {isa = PBXFileReference; lastKnownFileType = sourcecode.swift; path = SocketService.swift; sourceTree = "<group>"; };
/* End PBXFileReference section */

/* Begin PBXFrameworksBuildPhase section */
		A1234567890123456789017A /* Frameworks */ = {
			isa = PBXFrameworksBuildPhase;
			buildActionMask = 2147483647;
			files = (
				A123456789012345678901EA /* Alamofire in Frameworks */,
				92FCD7CE2E53F69300C227DA /* StripeApplePay in Frameworks */,
				A123456789012345678901EB /* FirebaseAuth in Frameworks */,
				A123456789012345678901EC /* FirebaseFirestore in Frameworks */,
				A123456789012345678901ED /* FirebaseMessaging in Frameworks */,
				92FCD7D42E53F69300C227DA /* StripeFinancialConnections in Frameworks */,
				A123456789012345678901EE /* FirebaseAnalytics in Frameworks */,
				92FCD7CC2E53F69300C227DA /* Stripe in Frameworks */,
				92FCD7DA2E53F88D00C227DA /* Lottie in Frameworks */,
				A123456789012345678901EF /* Stripe in Frameworks */,
				A123456789012345678901F0 /* SocketIO in Frameworks */,
				A123456789012345678901F1 /* Lottie in Frameworks */,
				92FCD7E22E53FA4800C227DA /* Kingfisher in Frameworks */,
				92FCD7D22E53F69300C227DA /* StripeConnect in Frameworks */,
				92FCD7C82E53F38C00C227DA /* SwiftyJSON in Frameworks */,
				92FCD7D72E53F86200C227DA /* SocketIO in Frameworks */,
				92FCD7C52E53F1DE00C227DA /* AlamofireDynamic in Frameworks */,
				A123456789012345678901F2 /* SwiftyJSON in Frameworks */,
				92FCD7DC2E53F88D00C227DA /* Lottie-Dynamic in Frameworks */,
				92FCD7C32E53F1DE00C227DA /* Alamofire in Frameworks */,
				A123456789012345678901F3 /* KeychainAccess in Frameworks */,
				92FCD7D02E53F69300C227DA /* StripeCardScan in Frameworks */,
				A123456789012345678901F4 /* Kingfisher in Frameworks */,
				92FCD7DF2E53F92700C227DA /* KeychainAccess in Frameworks */,
			);
			runOnlyForDeploymentPostprocessing = 0;
		};
/* End PBXFrameworksBuildPhase section */

/* Begin PBXGroup section */
		A1234567890123456789018A /* Models */ = {
			isa = PBXGroup;
			children = (
				A1234567890123456789014B /* User.swift */,
				A1234567890123456789014D /* Lifeguard.swift */,
				A1234567890123456789014F /* Booking.swift */,
			);
			path = Models;
			sourceTree = "<group>";
		};
		A1234567890123456789018B /* Services */ = {
			isa = PBXGroup;
			children = (
				A1234567890123456789015B /* APIService.swift */,
				A1234567890123456789015D /* AuthService.swift */,
				A1234567890123456789015F /* LocationService.swift */,
				A1234567890123456789016B /* NotificationService.swift */,
				A1234567890123456789016D /* PaymentService.swift */,
				A1234567890123456789016F /* SocketService.swift */,
			);
			path = Services;
			sourceTree = "<group>";
		};
		A1234567890123456789018C /*  */ = {
			isa = PBXGroup;
			children = (
				A1234567890123456789012B /* AppDelegate.swift */,
				A1234567890123456789012D /* ContentView.swift */,
				A1234567890123456789012F /* SceneDelegate.swift */,
				A1234567890123456789018A /* Models */,
				A1234567890123456789018B /* Services */,
				A1234567890123456789013B /* Assets.xcassets */,
				A1234567890123456789013D /* LaunchScreen.storyboard */,
				A1234567890123456789013E /* Info.plist */,
			);
			name = "";
			sourceTree = "<group>";
		};
		A1234567890123456789018D /* Products */ = {
			isa = PBXGroup;
			children = (
				A1234567890123456789013F /* GuardtheLife_IOS.app */,
			);
			name = Products;
			sourceTree = "<group>";
		};
		A1234567890123456789018E = {
			isa = PBXGroup;
			children = (
				A1234567890123456789018C /*  */,
				A1234567890123456789018D /* Products */,
			);
			sourceTree = "<group>";
		};
/* End PBXGroup section */

/* Begin PBXNativeTarget section */
		A1234567890123456789019A /* GuardtheLife_IOS */ = {
			isa = PBXNativeTarget;
			buildConfigurationList = A1234567890123456789019B /* Build configuration list for PBXNativeTarget "GuardtheLife_IOS" */;
			buildPhases = (
				A1234567890123456789019C /* Sources */,
				A1234567890123456789017A /* Frameworks */,
				A1234567890123456789019D /* Resources */,
			);
			buildRules = (
			);
			dependencies = (
			);
			name = GuardtheLife_IOS;
			productName = GuardtheLife_IOS;
			productReference = A1234567890123456789013F /* GuardtheLife_IOS.app */;
			productType = "com.apple.product-type.application";
		};
/* End PBXNativeTarget section */

/* Begin PBXProject section */
		A123456789012345678901AA /* Project object */ = {
			isa = PBXProject;
			attributes = {
				BuildIndependentTargetsInParallel = 1;
				LastSwiftUpdateCheck = 1500;
				LastUpgradeCheck = 1500;
				TargetAttributes = {
					A1234567890123456789019A = {
						CreatedOnToolsVersion = 15.0;
					};
				};
			};
			buildConfigurationList = A123456789012345678901AB /* Build configuration list for PBXProject "GuardtheLife_IOS" */;
			compatibilityVersion = "Xcode 14.0";
			developmentRegion = en;
			hasScannedForEncodings = 0;
			knownRegions = (
				en,
				Base,
			);
			mainGroup = A1234567890123456789018E;
			packageReferences = (
				92FCD7C12E53F1DE00C227DA /* XCRemoteSwiftPackageReference "Alamofire" */,
				92FCD7C62E53F38C00C227DA /* XCRemoteSwiftPackageReference "SwiftyJSON" */,
				92FCD7C92E53F3E900C227DA /* XCRemoteSwiftPackageReference "firebase-ios-sdk" */,
				92FCD7CA2E53F69300C227DA /* XCRemoteSwiftPackageReference "stripe-ios" */,
				92FCD7D52E53F86200C227DA /* XCRemoteSwiftPackageReference "socket.io-client-swift" */,
				92FCD7D82E53F88D00C227DA /* XCRemoteSwiftPackageReference "lottie-ios" */,
				92FCD7DD2E53F92700C227DA /* XCRemoteSwiftPackageReference "KeychainAccess" */,
				92FCD7E02E53FA4800C227DA /* XCRemoteSwiftPackageReference "Kingfisher" */,
			);
			productRefGroup = A1234567890123456789018D /* Products */;
			projectDirPath = "";
			projectRoot = "";
			targets = (
				A1234567890123456789019A /* GuardtheLife_IOS */,
			);
		};
/* End PBXProject section */

/* Begin PBXResourcesBuildPhase section */
		A1234567890123456789019D /* Resources */ = {
			isa = PBXResourcesBuildPhase;
			buildActionMask = 2147483647;
			files = (
				A1234567890123456789013C /* LaunchScreen.storyboard in Resources */,
				A1234567890123456789013C /* LaunchScreen.storyboard in Resources */,
			);
			runOnlyForDeploymentPostprocessing = 0;
		};
/* End PBXResourcesBuildPhase section */

/* Begin PBXSourcesBuildPhase section */
		A1234567890123456789019C /* Sources */ = {
			isa = PBXSourcesBuildPhase;
			buildActionMask = 2147483647;
			files = (
				A1234567890123456789012A /* AppDelegate.swift in Sources */,
				A1234567890123456789012C /* ContentView.swift in Sources */,
				A1234567890123456789012E /* SceneDelegate.swift in Sources */,
				A1234567890123456789014A /* User.swift in Sources */,
				A1234567890123456789014C /* Lifeguard.swift in Sources */,
				A1234567890123456789014E /* Booking.swift in Sources */,
				A1234567890123456789015A /* APIService.swift in Sources */,
				A1234567890123456789015C /* AuthService.swift in Sources */,
				A1234567890123456789015E /* LocationService.swift in Sources */,
				A1234567890123456789016A /* NotificationService.swift in Sources */,
				A1234567890123456789016C /* PaymentService.swift in Sources */,
				A1234567890123456789016E /* SocketService.swift in Sources */,
			);
			runOnlyForDeploymentPostprocessing = 0;
		};
/* End PBXSourcesBuildPhase section */

/* Begin XCBuildConfiguration section */
		A123456789012345678901BA /* Debug */ = {
			isa = XCBuildConfiguration;
			buildSettings = {
				ALWAYS_SEARCH_USER_PATHS = NO;
				ASSETCATALOG_COMPILER_GENERATE_SWIFT_ASSET_SYMBOL_EXTENSIONS = YES;
				CLANG_ANALYZER_NONNULL = YES;
				CLANG_ANALYZER_NUMBER_OBJECT_CONVERSION = YES_AGGRESSIVE;
				CLANG_CXX_LANGUAGE_STANDARD = "gnu++20";
				CLANG_ENABLE_MODULES = YES;
				CLANG_ENABLE_OBJC_ARC = YES;
				CLANG_ENABLE_OBJC_WEAK = YES;
				CLANG_WARN_BLOCK_CAPTURE_AUTORELEASING = YES;
				CLANG_WARN_BOOL_CONVERSION = YES;
				CLANG_WARN_COMMA = YES;
				CLANG_WARN_CONSTANT_CONVERSION = YES;
				CLANG_WARN_DEPRECATED_OBJC_IMPLEMENTATIONS = YES;
				CLANG_WARN_DIRECT_OBJC_ISA_USAGE = YES_ERROR;
				CLANG_WARN_DOCUMENTATION_COMMENTS = YES;
				CLANG_WARN_EMPTY_BODY = YES;
				CLANG_WARN_ENUM_CONVERSION = YES;
				CLANG_WARN_INFINITE_RECURSION = YES;
				CLANG_WARN_INT_CONVERSION = YES;
				CLANG_WARN_NON_LITERAL_NULL_CONVERSION = YES;
				CLANG_WARN_OBJC_IMPLICIT_RETAIN_SELF = YES;
				CLANG_WARN_OBJC_LITERAL_CONVERSION = YES;
				CLANG_WARN_OBJC_ROOT_CLASS = YES_ERROR;
				CLANG_WARN_QUOTED_INCLUDE_IN_FRAMEWORK_HEADER = YES;
				CLANG_WARN_RANGE_LOOP_ANALYSIS = YES;
				CLANG_WARN_STRICT_PROTOTYPES = YES;
				CLANG_WARN_SUSPICIOUS_MOVE = YES;
				CLANG_WARN_UNGUARDED_AVAILABILITY = YES_AGGRESSIVE;
				CLANG_WARN_UNREACHABLE_CODE = YES;
				CLANG_WARN__DUPLICATE_METHOD_MATCH = YES;
				COPY_PHASE_STRIP = NO;
				DEBUG_INFORMATION_FORMAT = dwarf;
				ENABLE_STRICT_OBJC_MSGSEND = YES;
				ENABLE_TESTABILITY = YES;
				ENABLE_USER_SCRIPT_SANDBOXING = YES;
				GCC_C_LANGUAGE_STANDARD = gnu17;
				GCC_DYNAMIC_NO_PIC = NO;
				GCC_NO_COMMON_BLOCKS = YES;
				GCC_OPTIMIZATION_LEVEL = 0;
				GCC_PREPROCESSOR_DEFINITIONS = (
					"DEBUG=1",
					"$(inherited)",
				);
				GCC_WARN_64_TO_32_BIT_CONVERSION = YES;
				GCC_WARN_ABOUT_RETURN_TYPE = YES_ERROR;
				GCC_WARN_UNDECLARED_SELECTOR = YES;
				GCC_WARN_UNINITIALIZED_AUTOS = YES_AGGRESSIVE;
				GCC_WARN_UNUSED_FUNCTION = YES;
				GCC_WARN_UNUSED_VARIABLE = YES;
				IPHONEOS_DEPLOYMENT_TARGET = 17.0;
				LOCALIZATION_PREFERS_STRING_CATALOGS = YES;
				MTL_ENABLE_DEBUG_INFO = INCLUDE_SOURCE;
				MTL_FAST_MATH = YES;
				ONLY_ACTIVE_ARCH = YES;
				SDKROOT = iphoneos;
				SWIFT_ACTIVE_COMPILATION_CONDITIONS = "DEBUG $(inherited)";
				SWIFT_OPTIMIZATION_LEVEL = "-Onone";
			};
			name = Debug;
		};
		A123456789012345678901BB /* Release */ = {
			isa = XCBuildConfiguration;
			buildSettings = {
				ALWAYS_SEARCH_USER_PATHS = NO;
				ASSETCATALOG_COMPILER_GENERATE_SWIFT_ASSET_SYMBOL_EXTENSIONS = YES;
				CLANG_ANALYZER_NONNULL = YES;
				CLANG_ANALYZER_NUMBER_OBJECT_CONVERSION = YES_AGGRESSIVE;
				CLANG_CXX_LANGUAGE_STANDARD = "gnu++20";
				CLANG_ENABLE_MODULES = YES;
				CLANG_ENABLE_OBJC_ARC = YES;
				CLANG_ENABLE_OBJC_WEAK = YES;
				CLANG_WARN_BLOCK_CAPTURE_AUTORELEASING = YES;
				CLANG_WARN_BOOL_CONVERSION = YES;
				CLANG_WARN_COMMA = YES;
				CLANG_WARN_CONSTANT_CONVERSION = YES;
				CLANG_WARN_DEPRECATED_OBJC_IMPLEMENTATIONS = YES;
				CLANG_WARN_DIRECT_OBJC_ISA_USAGE = YES_ERROR;
				CLANG_WARN_DOCUMENTATION_COMMENTS = YES;
				CLANG_WARN_EMPTY_BODY = YES;
				CLANG_WARN_ENUM_CONVERSION = YES;
				CLANG_WARN_INFINITE_RECURSION = YES;
				CLANG_WARN_INT_CONVERSION = YES;
				CLANG_WARN_NON_LITERAL_NULL_CONVERSION = YES;
				CLANG_WARN_OBJC_IMPLICIT_RETAIN_SELF = YES;
				CLANG_WARN_OBJC_LITERAL_CONVERSION = YES;
				CLANG_WARN_OBJC_ROOT_CLASS = YES_ERROR;
				CLANG_WARN_QUOTED_INCLUDE_IN_FRAMEWORK_HEADER = YES;
				CLANG_WARN_RANGE_LOOP_ANALYSIS = YES;
				CLANG_WARN_STRICT_PROTOTYPES = YES;
				CLANG_WARN_SUSPICIOUS_MOVE = YES;
				CLANG_WARN_UNGUARDED_AVAILABILITY = YES_AGGRESSIVE;
				CLANG_WARN_UNREACHABLE_CODE = YES;
				CLANG_WARN__DUPLICATE_METHOD_MATCH = YES;
				COPY_PHASE_STRIP = NO;
				DEBUG_INFORMATION_FORMAT = "dwarf-with-dsym";
				ENABLE_NS_ASSERTIONS = NO;
				ENABLE_STRICT_OBJC_MSGSEND = YES;
				ENABLE_USER_SCRIPT_SANDBOXING = YES;
				GCC_C_LANGUAGE_STANDARD = gnu17;
				GCC_NO_COMMON_BLOCKS = YES;
				GCC_WARN_64_TO_32_BIT_CONVERSION = YES;
				GCC_WARN_ABOUT_RETURN_TYPE = YES_ERROR;
				GCC_WARN_UNDECLARED_SELECTOR = YES;
				GCC_WARN_UNINITIALIZED_AUTOS = YES_AGGRESSIVE;
				GCC_WARN_UNUSED_FUNCTION = YES;
				GCC_WARN_UNUSED_VARIABLE = YES;
				IPHONEOS_DEPLOYMENT_TARGET = 17.0;
				LOCALIZATION_PREFERS_STRING_CATALOGS = YES;
				MTL_ENABLE_DEBUG_INFO = NO;
				MTL_FAST_MATH = YES;
				SDKROOT = iphoneos;
				SWIFT_COMPILATION_MODE = wholemodule;
				VALIDATE_PRODUCT = YES;
			};
			name = Release;
		};
		A123456789012345678901BC /* Debug */ = {
			isa = XCBuildConfiguration;
			buildSettings = {
				ASSETCATALOG_COMPILER_APPICON_NAME = AppIcon;
				ASSETCATALOG_COMPILER_GLOBAL_ACCENT_COLOR_NAME = AccentColor;
				CODE_SIGN_STYLE = Automatic;
				CURRENT_PROJECT_VERSION = 1;
				DEVELOPMENT_TEAM = "";
				GENERATE_INFOPLIST_FILE = YES;
				INFOPLIST_FILE = Info.plist;
				INFOPLIST_KEY_UIApplicationSceneManifest_Generation = YES;
				INFOPLIST_KEY_UIApplicationSupportsIndirectInputEvents = YES;
				INFOPLIST_KEY_UILaunchScreen_Generation = YES;
				INFOPLIST_KEY_UISupportedInterfaceOrientations_iPad = "UIInterfaceOrientationPortrait UIInterfaceOrientationPortraitUpsideDown UIInterfaceOrientationLandscapeLeft UIInterfaceOrientationLandscapeRight";
				INFOPLIST_KEY_UISupportedInterfaceOrientations_iPhone = "UIInterfaceOrientationPortrait UIInterfaceOrientationLandscapeLeft UIInterfaceOrientationLandscapeRight";
				LD_RUNPATH_SEARCH_PATHS = (
					"$(inherited)",
					"@executable_path/Frameworks",
				);
				MARKETING_VERSION = 1.0;
				PRODUCT_BUNDLE_IDENTIFIER = com.guardthelife.ios;
				PRODUCT_NAME = "$(TARGET_NAME)";
				SWIFT_EMIT_LOC_STRINGS = YES;
				SWIFT_VERSION = 5.0;
				TARGETED_DEVICE_FAMILY = "1,2";
			};
			name = Debug;
		};
		A123456789012345678901BD /* Release */ = {
			isa = XCBuildConfiguration;
			buildSettings = {
				ASSETCATALOG_COMPILER_APPICON_NAME = AppIcon;
				ASSETCATALOG_COMPILER_GLOBAL_ACCENT_COLOR_NAME = AccentColor;
				CODE_SIGN_STYLE = Automatic;
				CURRENT_PROJECT_VERSION = 1;
				DEVELOPMENT_TEAM = "";
				GENERATE_INFOPLIST_FILE = YES;
				INFOPLIST_FILE = Info.plist;
				INFOPLIST_KEY_UIApplicationSceneManifest_Generation = YES;
				INFOPLIST_KEY_UIApplicationSupportsIndirectInputEvents = YES;
				INFOPLIST_KEY_UILaunchScreen_Generation = YES;
				INFOPLIST_KEY_UISupportedInterfaceOrientations_iPad = "UIInterfaceOrientationPortrait UIInterfaceOrientationPortraitUpsideDown UIInterfaceOrientationLandscapeLeft UIInterfaceOrientationLandscapeRight";
				INFOPLIST_KEY_UISupportedInterfaceOrientations_iPhone = "UIInterfaceOrientationPortrait UIInterfaceOrientationLandscapeLeft UIInterfaceOrientationLandscapeRight";
				LD_RUNPATH_SEARCH_PATHS = (
					"$(inherited)",
					"@executable_path/Frameworks",
				);
				MARKETING_VERSION = 1.0;
				PRODUCT_BUNDLE_IDENTIFIER = com.guardthelife.ios;
				PRODUCT_NAME = "$(TARGET_NAME)";
				SWIFT_EMIT_LOC_STRINGS = YES;
				SWIFT_VERSION = 5.0;
				TARGETED_DEVICE_FAMILY = "1,2";
			};
			name = Release;
		};
/* End XCBuildConfiguration section */

/* Begin XCConfigurationList section */
		A1234567890123456789019B /* Build configuration list for PBXNativeTarget "GuardtheLife_IOS" */ = {
			isa = XCConfigurationList;
			buildConfigurations = (
				A123456789012345678901BC /* Debug */,
				A123456789012345678901BD /* Release */,
			);
			defaultConfigurationIsVisible = 0;
			defaultConfigurationName = Release;
		};
		A123456789012345678901AB /* Build configuration list for PBXProject "GuardtheLife_IOS" */ = {
			isa = XCConfigurationList;
			buildConfigurations = (
				A123456789012345678901BA /* Debug */,
				A123456789012345678901BB /* Release */,
			);
			defaultConfigurationIsVisible = 0;
			defaultConfigurationName = Release;
		};
/* End XCConfigurationList section */

/* Begin XCRemoteSwiftPackageReference section */
		92FCD7C12E53F1DE00C227DA /* XCRemoteSwiftPackageReference "Alamofire" */ = {
			isa = XCRemoteSwiftPackageReference;
			repositoryURL = "https://github.com/Alamofire/Alamofire.git";
			requirement = {
				kind = upToNextMajorVersion;
				minimumVersion = 5.10.2;
			};
		};
		92FCD7C62E53F38C00C227DA /* XCRemoteSwiftPackageReference "SwiftyJSON" */ = {
			isa = XCRemoteSwiftPackageReference;
			repositoryURL = "https://github.com/SwiftyJSON/SwiftyJSON.git";
			requirement = {
				kind = upToNextMajorVersion;
				minimumVersion = 5.0.2;
			};
		};
		92FCD7C92E53F3E900C227DA /* XCRemoteSwiftPackageReference "firebase-ios-sdk" */ = {
			isa = XCRemoteSwiftPackageReference;
			repositoryURL = "https://github.com/firebase/firebase-ios-sdk.git";
			requirement = {
				kind = upToNextMajorVersion;
				minimumVersion = 12.1.0;
			};
		};
		92FCD7CA2E53F69300C227DA /* XCRemoteSwiftPackageReference "stripe-ios" */ = {
			isa = XCRemoteSwiftPackageReference;
			repositoryURL = "https://github.com/stripe/stripe-ios.git";
			requirement = {
				kind = upToNextMajorVersion;
				minimumVersion = 24.20.0;
			};
		};
		92FCD7D52E53F86200C227DA /* XCRemoteSwiftPackageReference "socket.io-client-swift" */ = {
			isa = XCRemoteSwiftPackageReference;
			repositoryURL = "https://github.com/socketio/socket.io-client-swift.git";
			requirement = {
				branch = master;
				kind = branch;
			};
		};
		92FCD7D82E53F88D00C227DA /* XCRemoteSwiftPackageReference "lottie-ios" */ = {
			isa = XCRemoteSwiftPackageReference;
			repositoryURL = "https://github.com/airbnb/lottie-ios.git";
			requirement = {
				kind = upToNextMajorVersion;
				minimumVersion = 4.5.2;
			};
		};
		92FCD7DD2E53F92700C227DA /* XCRemoteSwiftPackageReference "KeychainAccess" */ = {
			isa = XCRemoteSwiftPackageReference;
			repositoryURL = "https://github.com/kishikawakatsumi/KeychainAccess.git";
			requirement = {
				branch = master;
				kind = branch;
			};
		};
		92FCD7E02E53FA4800C227DA /* XCRemoteSwiftPackageReference "Kingfisher" */ = {
			isa = XCRemoteSwiftPackageReference;
			repositoryURL = "https://github.com/onevcat/Kingfisher.git";
			requirement = {
				kind = upToNextMajorVersion;
				minimumVersion = 8.5.0;
			};
		};
		A123456789012345678901CA /* XCRemoteSwiftPackageReference "Alamofire" */ = {
			isa = XCRemoteSwiftPackageReference;
			repositoryURL = "https://github.com/Alamofire/Alamofire.git";
			requirement = {
				kind = upToNextMajorVersion;
				minimumVersion = 5.0.0;
			};
		};
		A123456789012345678901CB /* XCRemoteSwiftPackageReference "firebase-ios-sdk" */ = {
			isa = XCRemoteSwiftPackageReference;
			repositoryURL = "https://github.com/firebase/firebase-ios-sdk.git";
			requirement = {
				kind = upToNextMajorVersion;
				minimumVersion = 10.0.0;
			};
		};
		A123456789012345678901CC /* XCRemoteSwiftPackageReference "stripe-ios" */ = {
			isa = XCRemoteSwiftPackageReference;
			repositoryURL = "https://github.com/stripe/stripe-ios.git";
			requirement = {
				kind = upToNextMajorVersion;
				minimumVersion = 23.0.0;
			};
		};
		A123456789012345678901CD /* XCRemoteSwiftPackageReference "socket.io-client-swift" */ = {
			isa = XCRemoteSwiftPackageReference;
			repositoryURL = "https://github.com/socketio/socket.io-client-swift.git";
			requirement = {
				kind = upToNextMajorVersion;
				minimumVersion = 16.0.0;
			};
		};
		A123456789012345678901CE /* XCRemoteSwiftPackageReference "lottie-ios" */ = {
			isa = XCRemoteSwiftPackageReference;
			repositoryURL = "https://github.com/airbnb/lottie-ios.git";
			requirement = {
				kind = upToNextMajorVersion;
				minimumVersion = 4.0.0;
			};
		};
		A123456789012345678901CF /* XCRemoteSwiftPackageReference "SwiftyJSON" */ = {
			isa = XCRemoteSwiftPackageReference;
			repositoryURL = "https://github.com/SwiftyJSON/SwiftyJSON.git";
			requirement = {
				kind = upToNextMajorVersion;
				minimumVersion = 5.0.0;
			};
		};
		A123456789012345678901D0 /* XCRemoteSwiftPackageReference "KeychainAccess" */ = {
			isa = XCRemoteSwiftPackageReference;
			repositoryURL = "https://github.com/kishikawakatsumi/KeychainAccess.git";
			requirement = {
				kind = upToNextMajorVersion;
				minimumVersion = 4.0.0;
			};
		};
		A123456789012345678901D1 /* XCRemoteSwiftPackageReference "Kingfisher" */ = {
			isa = XCRemoteSwiftPackageReference;
			repositoryURL = "https://github.com/onevcat/Kingfisher.git";
			requirement = {
				kind = upToNextMajorVersion;
				minimumVersion = 7.0.0;
			};
		};
/* End XCRemoteSwiftPackageReference section */

/* Begin XCSwiftPackageProductDependency section */
		92FCD7C22E53F1DE00C227DA /* Alamofire */ = {
			isa = XCSwiftPackageProductDependency;
			package = 92FCD7C12E53F1DE00C227DA /* XCRemoteSwiftPackageReference "Alamofire" */;
			productName = Alamofire;
		};
		92FCD7C42E53F1DE00C227DA /* AlamofireDynamic */ = {
			isa = XCSwiftPackageProductDependency;
			package = 92FCD7C12E53F1DE00C227DA /* XCRemoteSwiftPackageReference "Alamofire" */;
			productName = AlamofireDynamic;
		};
		92FCD7C72E53F38C00C227DA /* SwiftyJSON */ = {
			isa = XCSwiftPackageProductDependency;
			package = 92FCD7C62E53F38C00C227DA /* XCRemoteSwiftPackageReference "SwiftyJSON" */;
			productName = SwiftyJSON;
		};
		92FCD7CB2E53F69300C227DA /* Stripe */ = {
			isa = XCSwiftPackageProductDependency;
			package = 92FCD7CA2E53F69300C227DA /* XCRemoteSwiftPackageReference "stripe-ios" */;
			productName = Stripe;
		};
		92FCD7CD2E53F69300C227DA /* StripeApplePay */ = {
			isa = XCSwiftPackageProductDependency;
			package = 92FCD7CA2E53F69300C227DA /* XCRemoteSwiftPackageReference "stripe-ios" */;
			productName = StripeApplePay;
		};
		92FCD7CF2E53F69300C227DA /* StripeCardScan */ = {
			isa = XCSwiftPackageProductDependency;
			package = 92FCD7CA2E53F69300C227DA /* XCRemoteSwiftPackageReference "stripe-ios" */;
			productName = StripeCardScan;
		};
		92FCD7D12E53F69300C227DA /* StripeConnect */ = {
			isa = XCSwiftPackageProductDependency;
			package = 92FCD7CA2E53F69300C227DA /* XCRemoteSwiftPackageReference "stripe-ios" */;
			productName = StripeConnect;
		};
		92FCD7D32E53F69300C227DA /* StripeFinancialConnections */ = {
			isa = XCSwiftPackageProductDependency;
			package = 92FCD7CA2E53F69300C227DA /* XCRemoteSwiftPackageReference "stripe-ios" */;
			productName = StripeFinancialConnections;
		};
		92FCD7D62E53F86200C227DA /* SocketIO */ = {
			isa = XCSwiftPackageProductDependency;
			package = 92FCD7D52E53F86200C227DA /* XCRemoteSwiftPackageReference "socket.io-client-swift" */;
			productName = SocketIO;
		};
		92FCD7D92E53F88D00C227DA /* Lottie */ = {
			isa = XCSwiftPackageProductDependency;
			package = 92FCD7D82E53F88D00C227DA /* XCRemoteSwiftPackageReference "lottie-ios" */;
			productName = Lottie;
		};
		92FCD7DB2E53F88D00C227DA /* Lottie-Dynamic */ = {
			isa = XCSwiftPackageProductDependency;
			package = 92FCD7D82E53F88D00C227DA /* XCRemoteSwiftPackageReference "lottie-ios" */;
			productName = "Lottie-Dynamic";
		};
		92FCD7DE2E53F92700C227DA /* KeychainAccess */ = {
			isa = XCSwiftPackageProductDependency;
			package = 92FCD7DD2E53F92700C227DA /* XCRemoteSwiftPackageReference "KeychainAccess" */;
			productName = KeychainAccess;
		};
		92FCD7E12E53FA4800C227DA /* Kingfisher */ = {
			isa = XCSwiftPackageProductDependency;
			package = 92FCD7E02E53FA4800C227DA /* XCRemoteSwiftPackageReference "Kingfisher" */;
			productName = Kingfisher;
		};
		A123456789012345678901DA /* Alamofire */ = {
			isa = XCSwiftPackageProductDependency;
			package = A123456789012345678901CA /* XCRemoteSwiftPackageReference "Alamofire" */;
			productName = Alamofire;
		};
		A123456789012345678901DB /* FirebaseAuth */ = {
			isa = XCSwiftPackageProductDependency;
			package = A123456789012345678901CB /* XCRemoteSwiftPackageReference "firebase-ios-sdk" */;
			productName = FirebaseAuth;
		};
		A123456789012345678901DC /* FirebaseFirestore */ = {
			isa = XCSwiftPackageProductDependency;
			package = A123456789012345678901CB /* XCRemoteSwiftPackageReference "firebase-ios-sdk" */;
			productName = FirebaseFirestore;
		};
		A123456789012345678901DD /* FirebaseMessaging */ = {
			isa = XCSwiftPackageProductDependency;
			package = A123456789012345678901CB /* XCRemoteSwiftPackageReference "firebase-ios-sdk" */;
			productName = FirebaseMessaging;
		};
		A123456789012345678901DE /* FirebaseAnalytics */ = {
			isa = XCSwiftPackageProductDependency;
			package = A123456789012345678901CB /* XCRemoteSwiftPackageReference "firebase-ios-sdk" */;
			productName = FirebaseAnalytics;
		};
		A123456789012345678901DF /* Stripe */ = {
			isa = XCSwiftPackageProductDependency;
			package = A123456789012345678901CC /* XCRemoteSwiftPackageReference "stripe-ios" */;
			productName = Stripe;
		};
		A123456789012345678901E0 /* SocketIO */ = {
			isa = XCSwiftPackageProductDependency;
			package = A123456789012345678901CD /* XCRemoteSwiftPackageReference "socket.io-client-swift" */;
			productName = SocketIO;
		};
		A123456789012345678901E1 /* Lottie */ = {
			isa = XCSwiftPackageProductDependency;
			package = A123456789012345678901CE /* XCRemoteSwiftPackageReference "lottie-ios" */;
			productName = Lottie;
		};
		A123456789012345678901E2 /* SwiftyJSON */ = {
			isa = XCSwiftPackageProductDependency;
			package = A123456789012345678901CF /* XCRemoteSwiftPackageReference "SwiftyJSON" */;
			productName = SwiftyJSON;
		};
		A123456789012345678901E3 /* KeychainAccess */ = {
			isa = XCSwiftPackageProductDependency;
			package = A123456789012345678901D0 /* XCRemoteSwiftPackageReference "KeychainAccess" */;
			productName = KeychainAccess;
		};
		A123456789012345678901E4 /* Kingfisher */ = {
			isa = XCSwiftPackageProductDependency;
			package = A123456789012345678901D1 /* XCRemoteSwiftPackageReference "Kingfisher" */;
			productName = Kingfisher;
		};
/* End XCSwiftPackageProductDependency section */
	};
	rootObject = A123456789012345678901AA /* Project object */;
}
